
Microsoft Visual Studio Solution File, Format Version 12.00
# Visual Studio 15
Project("{FAE04EC0-301F-11D3-BF4B-00C04F79EFBC}") = "ProStock.WebAPI", "ProStock.WebAPI.csproj", "{3811E875-A6C6-4AAC-BCCC-1775B4EA322C}"
EndProject
Global
	GlobalSection(SolutionConfigurationPlatforms) = preSolution
		Debug|Any CPU = Debug|Any CPU
		Release|Any CPU = Release|Any CPU
	EndGlobalSection
	GlobalSection(ProjectConfigurationPlatforms) = postSolution
		{3811E875-A6C6-4AAC-BCCC-1775B4EA322C}.Debug|Any CPU.ActiveCfg = Debug|Any CPU
		{3811E875-A6C6-4AAC-BCCC-1775B4EA322C}.Debug|Any CPU.Build.0 = Debug|Any CPU
		{3811E875-A6C6-4AAC-BCCC-1775B4EA322C}.Release|Any CPU.ActiveCfg = Release|Any CPU
		{3811E875-A6C6-4AAC-BCCC-1775B4EA322C}.Release|Any CPU.Build.0 = Release|Any CPU
	EndGlobalSection
EndGlobal
